// !$*UTF8*$!
{ archiveVersion = 1; classes = {}; objectVersion = 56; objects = {
304EC63F6DB546F691D2B1E3 = { isa = PBXFileReference; lastKnownFileType = sourcecode.swift; path = "FlowDo/App/BackgroundMusic.swift"; sourceTree = "<group>"; };
613EA8879A5831D3B94B257A = { isa = PBXBuildFile; fileRef = 304EC63F6DB546F691D2B1E3; };
31638BF5834403103924935B = { isa = PBXFileReference; lastKnownFileType = sourcecode.swift; path = "FlowDo/Core/OrbTransition.swift"; sourceTree = "<group>"; };
9AE74A1D8D7B1D6277DEFC22 = { isa = PBXBuildFile; fileRef = 31638BF5834403103924935B; };
F333B3219050C3D59BCE65E2 = { isa = PBXBuildFile; fileRef = 31638BF5834403103924935B; };
E8A37985321CE85088CB167F = { isa = PBXFileReference; lastKnownFileType = sourcecode.swift; path = "FlowDo/Core/PulseRhythm.swift"; sourceTree = "<group>"; };
E431811FC1D5D55F3368963C = { isa = PBXBuildFile; fileRef = E8A37985321CE85088CB167F; };
929BD2DD33E23A0A33D207EB = { isa = PBXBuildFile; fileRef = E8A37985321CE85088CB167F; };
989B551264D3AEE06BC7C72D = { isa = PBXFileReference; lastKnownFileType = sourcecode.swift; path = "FlowDoTests/PulseRhythmTests.swift"; sourceTree = "<group>"; };
6BE6A193E011762560333F64 = { isa = PBXBuildFile; fileRef = 989B551264D3AEE06BC7C72D; };
91AF608AD9AF865E6F8BAF3F = { isa = PBXFileReference; lastKnownFileType = sourcecode.swift; path = "FlowDo/Core/ActivityJournal.swift"; sourceTree = "<group>"; };
748CDB8AE814A59CC060A885 = { isa = PBXBuildFile; fileRef = 91AF608AD9AF865E6F8BAF3F; };
FCE86720443DD4ADCF8575C3 = { isa = PBXBuildFile; fileRef = 91AF608AD9AF865E6F8BAF3F; };
6300ACA9AB051A54C578E424 = { isa = PBXFileReference; lastKnownFileType = sourcecode.swift; path = "FlowDo/Persistence/LocalActivityLog.swift"; sourceTree = "<group>"; };
F433C80B016D0DD5921E2AE2 = { isa = PBXBuildFile; fileRef = 6300ACA9AB051A54C578E424; };
38E7C60833826A1B61121210 = { isa = PBXBuildFile; fileRef = 6300ACA9AB051A54C578E424; };
0FEE7719EDF377DC49A5EC2D = { isa = PBXFileReference; lastKnownFileType = sourcecode.swift; path = "FlowDo/Persistence/TaskTimeStore.swift"; sourceTree = "<group>"; };
17F5676A7EEB60EECD1088ED = { isa = PBXBuildFile; fileRef = 0FEE7719EDF377DC49A5EC2D; };
0CAF67AF5678319F98D423D3 = { isa = PBXBuildFile; fileRef = 0FEE7719EDF377DC49A5EC2D; };
2612465B5F6EEDAFA2681790 = { isa = PBXFileReference; lastKnownFileType = sourcecode.swift; path = "FlowDoTests/ActivityLoggingTests.swift"; sourceTree = "<group>"; };
478CB4C89767303F04D00EA1 = { isa = PBXBuildFile; fileRef = 2612465B5F6EEDAFA2681790; };
328FB270B2A8CC9B752F6A64 = { isa = PBXFileReference; lastKnownFileType = sourcecode.swift; path = "FlowDo/App/AppDelegate.swift"; sourceTree = "<group>"; };
200CCD6129ED42DF54DE2C1B = { isa = PBXFileReference; lastKnownFileType = sourcecode.swift; path = "FlowDo/App/FlowDoApp.swift"; sourceTree = "<group>"; };
DF7DDB145B38D0A3CCE32E5E = { isa = PBXFileReference; lastKnownFileType = sourcecode.swift; path = "FlowDo/App/FlowDoModel.swift"; sourceTree = "<group>"; };
C0E31632CB62BCE99B55C068 = { isa = PBXFileReference; lastKnownFileType = sourcecode.swift; path = "FlowDo/Core/CurrentTask.swift"; sourceTree = "<group>"; };
26842E055B7C753761127D03 = { isa = PBXFileReference; lastKnownFileType = sourcecode.swift; path = "FlowDo/Core/EngagementConfiguration.swift"; sourceTree = "<group>"; };
BA5AFD2D77792C89BDDAF111 = { isa = PBXFileReference; lastKnownFileType = sourcecode.swift; path = "FlowDo/Core/EngagementEngine.swift"; sourceTree = "<group>"; };
6105A553A20D46D526F10F94 = { isa = PBXFileReference; lastKnownFileType = sourcecode.swift; path = "FlowDo/Core/FlowState.swift"; sourceTree = "<group>"; };
2FB843B6F7E3BBD73FE1632B = { isa = PBXFileReference; lastKnownFileType = sourcecode.swift; path = "FlowDo/Input/InputMonitor.swift"; sourceTree = "<group>"; };
1E185A7317CDE7CFE44FD50A = { isa = PBXFileReference; lastKnownFileType = sourcecode.swift; path = "FlowDo/Persistence/LocalTaskStore.swift"; sourceTree = "<group>"; };
98C2E5B218A6971BAA8B6227 = { isa = PBXFileReference; lastKnownFileType = sourcecode.swift; path = "FlowDo/Persistence/TaskStore.swift"; sourceTree = "<group>"; };
6C18C70C20E4A7ED3DA7C29D = { isa = PBXFileReference; lastKnownFileType = sourcecode.swift; path = "FlowDo/UI/MenuPopover.swift"; sourceTree = "<group>"; };
82E47191A6207EA304D78F81 = { isa = PBXFileReference; lastKnownFileType = sourcecode.swift; path = "FlowDo/UI/OrbView.swift"; sourceTree = "<group>"; };
49AA919E3ABAD1542765B754 = { isa = PBXFileReference; lastKnownFileType = sourcecode.swift; path = "FlowDo/UI/PreferencesView.swift"; sourceTree = "<group>"; };
821E907DB853CB40485CDBE5 = { isa = PBXFileReference; lastKnownFileType = sourcecode.swift; path = "FlowDo/UI/StatusItemController.swift"; sourceTree = "<group>"; };
9222F0B460F0E1B4A4D90919 = { isa = PBXFileReference; lastKnownFileType = sourcecode.swift; path = "FlowDoTests/EngagementEngineTests.swift"; sourceTree = "<group>"; };
CF8D69312769EF40CC1EEFED = { isa = PBXFileReference; lastKnownFileType = sourcecode.swift; path = "FlowDoTests/LocalTaskStoreTests.swift"; sourceTree = "<group>"; };
763D774377779C412BB71F6F = { isa = PBXFileReference; explicitFileType = wrapper.application; path = FlowDo.app; sourceTree = BUILT_PRODUCTS_DIR; };
00444E2C37DD529B70E931A2 = { isa = PBXFileReference; explicitFileType = wrapper.cfbundle; path = FlowDoTests.xctest; sourceTree = BUILT_PRODUCTS_DIR; };
0A3E27B8CA818264D75C8D81 = { isa = PBXGroup; children = (763D774377779C412BB71F6F, 00444E2C37DD529B70E931A2,); name = Products; sourceTree = "<group>"; };
AD936FCBED631FA67E05C3EA = { isa = PBXGroup; children = (304EC63F6DB546F691D2B1E3, 989B551264D3AEE06BC7C72D, E8A37985321CE85088CB167F, 31638BF5834403103924935B, 2612465B5F6EEDAFA2681790, 0FEE7719EDF377DC49A5EC2D, 6300ACA9AB051A54C578E424, 91AF608AD9AF865E6F8BAF3F, 328FB270B2A8CC9B752F6A64, 200CCD6129ED42DF54DE2C1B, DF7DDB145B38D0A3CCE32E5E, C0E31632CB62BCE99B55C068, 26842E055B7C753761127D03, BA5AFD2D77792C89BDDAF111, 6105A553A20D46D526F10F94, 2FB843B6F7E3BBD73FE1632B, 1E185A7317CDE7CFE44FD50A, 98C2E5B218A6971BAA8B6227, 6C18C70C20E4A7ED3DA7C29D, 82E47191A6207EA304D78F81, 49AA919E3ABAD1542765B754, 821E907DB853CB40485CDBE5, 9222F0B460F0E1B4A4D90919, CF8D69312769EF40CC1EEFED, 0A3E27B8CA818264D75C8D81,); sourceTree = "<group>"; };
9FD97C305151072450CA9E61 = { isa = PBXBuildFile; fileRef = 328FB270B2A8CC9B752F6A64; };
80546F6C253C93D86D05C096 = { isa = PBXBuildFile; fileRef = 200CCD6129ED42DF54DE2C1B; };
A74EC0CA9B47978B3319F5C8 = { isa = PBXBuildFile; fileRef = DF7DDB145B38D0A3CCE32E5E; };
BB12C0F276A718A5A2F554E5 = { isa = PBXBuildFile; fileRef = C0E31632CB62BCE99B55C068; };
086256350C64A1C564611292 = { isa = PBXBuildFile; fileRef = 26842E055B7C753761127D03; };
17780F2982321F965E9D801E = { isa = PBXBuildFile; fileRef = BA5AFD2D77792C89BDDAF111; };
9ADE1E070CA817826911994A = { isa = PBXBuildFile; fileRef = 6105A553A20D46D526F10F94; };
69F228244F8167B180678B9A = { isa = PBXBuildFile; fileRef = 2FB843B6F7E3BBD73FE1632B; };
78DBFD18F123268B316DCB1C = { isa = PBXBuildFile; fileRef = 1E185A7317CDE7CFE44FD50A; };
F4163297CA743E8D9BAD3EB5 = { isa = PBXBuildFile; fileRef = 98C2E5B218A6971BAA8B6227; };
53288D8A7E2EE3568DA4B821 = { isa = PBXBuildFile; fileRef = 6C18C70C20E4A7ED3DA7C29D; };
1E2A8107A63642743FE6B0D0 = { isa = PBXBuildFile; fileRef = 82E47191A6207EA304D78F81; };
4FA3135E4FFC24B6109B9B0D = { isa = PBXBuildFile; fileRef = 49AA919E3ABAD1542765B754; };
F753D8643B124F675D4B49C7 = { isa = PBXBuildFile; fileRef = 821E907DB853CB40485CDBE5; };
1CB72CABF80CC3147BE5EF02 = { isa = PBXSourcesBuildPhase; buildActionMask = 2147483647; files = (613EA8879A5831D3B94B257A, E431811FC1D5D55F3368963C, 9AE74A1D8D7B1D6277DEFC22, 17F5676A7EEB60EECD1088ED, F433C80B016D0DD5921E2AE2, 748CDB8AE814A59CC060A885, 9FD97C305151072450CA9E61, 80546F6C253C93D86D05C096, A74EC0CA9B47978B3319F5C8, BB12C0F276A718A5A2F554E5, 086256350C64A1C564611292, 17780F2982321F965E9D801E, 9ADE1E070CA817826911994A, 69F228244F8167B180678B9A, 78DBFD18F123268B316DCB1C, F4163297CA743E8D9BAD3EB5, 53288D8A7E2EE3568DA4B821, 1E2A8107A63642743FE6B0D0, 4FA3135E4FFC24B6109B9B0D, F753D8643B124F675D4B49C7,); runOnlyForDeploymentPostprocessing = 0; };
243E029B35A462423EE953F3 = { isa = PBXFrameworksBuildPhase; buildActionMask = 2147483647; files = (); runOnlyForDeploymentPostprocessing = 0; };
E309B57DD0170A3623A79348 = { isa = XCBuildConfiguration; buildSettings = { MACOSX_DEPLOYMENT_TARGET = 13.0; SDKROOT = macosx; SWIFT_VERSION = 5.0; CLANG_ENABLE_MODULES = YES; CODE_SIGN_STYLE = Automatic; GENERATE_INFOPLIST_FILE = YES; PRODUCT_BUNDLE_IDENTIFIER = com.flowdo.FlowDo; PRODUCT_NAME = "$(TARGET_NAME)"; INFOPLIST_KEY_LSUIElement = YES; INFOPLIST_KEY_CFBundleDisplayName = FlowDo; MARKETING_VERSION = 0.1.0; CURRENT_PROJECT_VERSION = 1; ENABLE_HARDENED_RUNTIME = YES; SWIFT_OPTIMIZATION_LEVEL = "-Onone"; SWIFT_ACTIVE_COMPILATION_CONDITIONS = DEBUG; }; name = Debug; };
864E7C53AFDAB3F1B1C77A92 = { isa = XCBuildConfiguration; buildSettings = { MACOSX_DEPLOYMENT_TARGET = 13.0; SDKROOT = macosx; SWIFT_VERSION = 5.0; CLANG_ENABLE_MODULES = YES; CODE_SIGN_STYLE = Automatic; GENERATE_INFOPLIST_FILE = YES; PRODUCT_BUNDLE_IDENTIFIER = com.flowdo.FlowDo; PRODUCT_NAME = "$(TARGET_NAME)"; INFOPLIST_KEY_LSUIElement = YES; INFOPLIST_KEY_CFBundleDisplayName = FlowDo; MARKETING_VERSION = 0.1.0; CURRENT_PROJECT_VERSION = 1; ENABLE_HARDENED_RUNTIME = YES; SWIFT_OPTIMIZATION_LEVEL = "-O"; }; name = Release; };
8356D147E24B45548ED34AFD = { isa = XCConfigurationList; buildConfigurations = (E309B57DD0170A3623A79348, 864E7C53AFDAB3F1B1C77A92,); defaultConfigurationIsVisible = 0; defaultConfigurationName = Release; };
8CF67D0605D6274C4AB5E8FF = { isa = PBXNativeTarget; buildConfigurationList = 8356D147E24B45548ED34AFD; buildPhases = (1CB72CABF80CC3147BE5EF02, 243E029B35A462423EE953F3,); buildRules = (); dependencies = (); name = FlowDo; productName = FlowDo; productReference = 763D774377779C412BB71F6F; productType = "com.apple.product-type.application"; };
6967692838F1692C862EB051 = { isa = PBXBuildFile; fileRef = C0E31632CB62BCE99B55C068; };
A0DB860B19F7BB085079FAF9 = { isa = PBXBuildFile; fileRef = 26842E055B7C753761127D03; };
3CE4A1C081B21A1662398E22 = { isa = PBXBuildFile; fileRef = BA5AFD2D77792C89BDDAF111; };
FAA4421D2273EE8BDA06FD34 = { isa = PBXBuildFile; fileRef = 6105A553A20D46D526F10F94; };
6A9512A47D526E60D1978604 = { isa = PBXBuildFile; fileRef = 1E185A7317CDE7CFE44FD50A; };
D452E11220778490805A53CC = { isa = PBXBuildFile; fileRef = 98C2E5B218A6971BAA8B6227; };
4DBEE7BF045A288EC7782242 = { isa = PBXBuildFile; fileRef = 9222F0B460F0E1B4A4D90919; };
F3ABEF0E6ADE2EB3826F63B3 = { isa = PBXBuildFile; fileRef = CF8D69312769EF40CC1EEFED; };
3CE104A42FA9F322275BEA09 = { isa = PBXSourcesBuildPhase; buildActionMask = 2147483647; files = (6BE6A193E011762560333F64, 929BD2DD33E23A0A33D207EB, F333B3219050C3D59BCE65E2, 478CB4C89767303F04D00EA1, 0CAF67AF5678319F98D423D3, 38E7C60833826A1B61121210, FCE86720443DD4ADCF8575C3, 6967692838F1692C862EB051, A0DB860B19F7BB085079FAF9, 3CE4A1C081B21A1662398E22, FAA4421D2273EE8BDA06FD34, 6A9512A47D526E60D1978604, D452E11220778490805A53CC, 4DBEE7BF045A288EC7782242, F3ABEF0E6ADE2EB3826F63B3,); runOnlyForDeploymentPostprocessing = 0; };
5BDC952122223650C5F83EA6 = { isa = PBXFrameworksBuildPhase; buildActionMask = 2147483647; files = (); runOnlyForDeploymentPostprocessing = 0; };
A560AF7AC1C10C8D8602FD5F = { isa = XCBuildConfiguration; buildSettings = { MACOSX_DEPLOYMENT_TARGET = 13.0; SDKROOT = macosx; SWIFT_VERSION = 5.0; CLANG_ENABLE_MODULES = YES; CODE_SIGN_STYLE = Automatic; GENERATE_INFOPLIST_FILE = YES; PRODUCT_BUNDLE_IDENTIFIER = com.flowdo.FlowDoTests; PRODUCT_NAME = "$(TARGET_NAME)"; SWIFT_OPTIMIZATION_LEVEL = "-Onone"; SWIFT_ACTIVE_COMPILATION_CONDITIONS = DEBUG; }; name = Debug; };
1527A1B1102255669828C03E = { isa = XCBuildConfiguration; buildSettings = { MACOSX_DEPLOYMENT_TARGET = 13.0; SDKROOT = macosx; SWIFT_VERSION = 5.0; CLANG_ENABLE_MODULES = YES; CODE_SIGN_STYLE = Automatic; GENERATE_INFOPLIST_FILE = YES; PRODUCT_BUNDLE_IDENTIFIER = com.flowdo.FlowDoTests; PRODUCT_NAME = "$(TARGET_NAME)"; SWIFT_OPTIMIZATION_LEVEL = "-O"; }; name = Release; };
D988C7257BBCCC5661B14D1E = { isa = XCConfigurationList; buildConfigurations = (A560AF7AC1C10C8D8602FD5F, 1527A1B1102255669828C03E,); defaultConfigurationIsVisible = 0; defaultConfigurationName = Release; };
48F298D910E4A418774FA267 = { isa = PBXNativeTarget; buildConfigurationList = D988C7257BBCCC5661B14D1E; buildPhases = (3CE104A42FA9F322275BEA09, 5BDC952122223650C5F83EA6,); buildRules = (); dependencies = (); name = FlowDoTests; productName = FlowDoTests; productReference = 00444E2C37DD529B70E931A2; productType = "com.apple.product-type.bundle.unit-test"; };
73EBF6644258C120893E685D = { isa = XCBuildConfiguration; buildSettings = { ALWAYS_SEARCH_USER_PATHS = NO; CLANG_ENABLE_MODULES = YES; SWIFT_OPTIMIZATION_LEVEL = "-Onone"; SWIFT_ACTIVE_COMPILATION_CONDITIONS = DEBUG; }; name = Debug; };
0B0C687DF8B6B8DC790B519C = { isa = XCBuildConfiguration; buildSettings = { ALWAYS_SEARCH_USER_PATHS = NO; CLANG_ENABLE_MODULES = YES; SWIFT_OPTIMIZATION_LEVEL = "-O"; }; name = Release; };
76F8DEC3DFE0BDB465198890 = { isa = XCConfigurationList; buildConfigurations = (73EBF6644258C120893E685D, 0B0C687DF8B6B8DC790B519C,); defaultConfigurationIsVisible = 0; defaultConfigurationName = Release; };
244210E48437B6556980A702 = { isa = PBXProject; attributes = { LastUpgradeCheck = 1500; }; buildConfigurationList = 76F8DEC3DFE0BDB465198890; compatibilityVersion = "Xcode 14.0"; developmentRegion = en; hasScannedForEncodings = 0; knownRegions = (en, Base); mainGroup = AD936FCBED631FA67E05C3EA; productRefGroup = 0A3E27B8CA818264D75C8D81; projectDirPath = ""; projectRoot = ""; targets = (8CF67D0605D6274C4AB5E8FF, 48F298D910E4A418774FA267,); };
}; rootObject = 244210E48437B6556980A702; }
